{
  "version": 4,
  "terraform_version": "1.14.0",
  "serial": 20,
  "lineage": "002b103a-c06a-e4c1-529c-958a9504aa97",
  "outputs": {},
  "resources": [
    {
      "mode": "managed",
      "type": "azurerm_container_app_environment",
      "name": "my-mago-devops-dev-eus-acae",
      "provider": "provider[\"registry.terraform.io/hashicorp/azurerm\"]",
      "instances": [
        {
          "schema_version": 0,
          "attributes": {
            "custom_domain_verification_id": "AFD681383A50963B6551DFFC234E2FEE38D876E8985EC092002EFE4C46EEB4C0",
            "dapr_application_insights_connection_string": "",
            "default_domain": "reddune-c5e14621.eastus.azurecontainerapps.io",
            "docker_bridge_cidr": "",
            "id": "/subscriptions/f292716c-b2a3-458b-a683-a64fdea52893/resourceGroups/mago-devops-dev-eus-rg/providers/Microsoft.App/managedEnvironments/mago-devops-dev-eus-acae",
            "identity": [],
            "infrastructure_resource_group_name": "",
            "infrastructure_subnet_id": "",
            "internal_load_balancer_enabled": false,
            "location": "eastus",
            "log_analytics_workspace_id": "/subscriptions/f292716c-b2a3-458b-a683-a64fdea52893/resourceGroups/mago-devops-dev-eus-rg/providers/Microsoft.OperationalInsights/workspaces/mago-devops-dev-eus-law",
            "logs_destination": "log-analytics",
            "mutual_tls_enabled": false,
            "name": "mago-devops-dev-eus-acae",
            "platform_reserved_cidr": "",
            "platform_reserved_dns_ip_address": "",
            "public_network_access": "Enabled",
            "resource_group_name": "mago-devops-dev-eus-rg",
            "static_ip_address": "52.249.243.161",
            "tags": {
              "enviroment": "dev",
              "src": "terraform"
            },
            "timeouts": null,
            "workload_profile": [],
            "zone_redundancy_enabled": false
          },
          "sensitive_attributes": [
            [
              {
                "type": "get_attr",
                "value": "dapr_application_insights_connection_string"
              }
            ]
          ],
          "identity_schema_version": 0,
          "private": "eyJlMmJmYjczMC1lY2FhLTExZTYtOGY4OC0zNDM2M2JjN2M0YzAiOnsiY3JlYXRlIjoxODAwMDAwMDAwMDAwLCJkZWxldGUiOjE4MDAwMDAwMDAwMDAsInJlYWQiOjMwMDAwMDAwMDAwMCwidXBkYXRlIjoxODAwMDAwMDAwMDAwfX0=",
          "dependencies": [
            "azurerm_log_analytics_workspace.my-mago-devops-dev-eus-law",
            "azurerm_resource_group.my-mago-devops-dev-eus-rg"
          ]
        }
      ]
    },
    {
      "mode": "managed",
      "type": "azurerm_container_registry",
      "name": "acr",
      "provider": "provider[\"registry.terraform.io/hashicorp/azurerm\"]",
      "instances": [
        {
          "schema_version": 2,
          "attributes": {
            "admin_enabled": true,
            "admin_password": "91CdBuxL2IgtWC5gT8gQbu2Adq/fGBz1npqeCHRkNN+ACRCuQXBp",
            "admin_username": "magodevopsdeveusacr",
            "anonymous_pull_enabled": false,
            "data_endpoint_enabled": false,
            "data_endpoint_host_names": [],
            "encryption": [],
            "export_policy_enabled": true,
            "georeplications": [],
            "id": "/subscriptions/f292716c-b2a3-458b-a683-a64fdea52893/resourceGroups/mago-devops-dev-eus-rg/providers/Microsoft.ContainerRegistry/registries/magodevopsdeveusacr",
            "identity": [],
            "location": "eastus",
            "login_server": "magodevopsdeveusacr.azurecr.io",
            "name": "magodevopsdeveusacr",
            "network_rule_bypass_option": "AzureServices",
            "network_rule_set": [],
            "public_network_access_enabled": true,
            "quarantine_policy_enabled": false,
            "resource_group_name": "mago-devops-dev-eus-rg",
            "retention_policy_in_days": 0,
            "sku": "Standard",
            "tags": {
              "enviroment": "dev",
              "src": "terraform"
            },
            "timeouts": null,
            "trust_policy_enabled": false,
            "zone_redundancy_enabled": false
          },
          "sensitive_attributes": [
            [
              {
                "type": "get_attr",
                "value": "admin_password"
              }
            ]
          ],
          "identity_schema_version": 0,
          "private": "eyJlMmJmYjczMC1lY2FhLTExZTYtOGY4OC0zNDM2M2JjN2M0YzAiOnsiY3JlYXRlIjoxODAwMDAwMDAwMDAwLCJkZWxldGUiOjE4MDAwMDAwMDAwMDAsInJlYWQiOjMwMDAwMDAwMDAwMCwidXBkYXRlIjoxODAwMDAwMDAwMDAwfSwic2NoZW1hX3ZlcnNpb24iOiIyIn0=",
          "dependencies": [
            "azurerm_resource_group.my-mago-devops-dev-eus-rg"
          ]
        }
      ]
    },
    {
      "mode": "managed",
      "type": "azurerm_log_analytics_workspace",
      "name": "my-mago-devops-dev-eus-law",
      "provider": "provider[\"registry.terraform.io/hashicorp/azurerm\"]",
      "instances": [
        {
          "schema_version": 3,
          "attributes": {
            "allow_resource_only_permissions": true,
            "cmk_for_query_forced": false,
            "daily_quota_gb": -1,
            "data_collection_rule_id": "",
            "id": "/subscriptions/f292716c-b2a3-458b-a683-a64fdea52893/resourceGroups/mago-devops-dev-eus-rg/providers/Microsoft.OperationalInsights/workspaces/mago-devops-dev-eus-law",
            "identity": [],
            "immediate_data_purge_on_30_days_enabled": false,
            "internet_ingestion_enabled": true,
            "internet_query_enabled": true,
            "local_authentication_disabled": false,
            "local_authentication_enabled": true,
            "location": "eastus",
            "name": "mago-devops-dev-eus-law",
            "primary_shared_key": "k7ve5LJp1haUPmBgWgzFNF+gAQOOAj5K+aGB6RXTzm/6R1ceC6iS4wR4ymyR0/lDPZRgxYBCZtk8j/AxQA5IXw==",
            "reservation_capacity_in_gb_per_day": null,
            "resource_group_name": "mago-devops-dev-eus-rg",
            "retention_in_days": 30,
            "secondary_shared_key": "gsIK5F+sf/R3SR0Ce1STUni5vlJtNkhYbtrSnUQ9xLLGV0Pdbqu5kbd7FWhDNZbsYpakkif2A1SKNJeO18W7Xg==",
            "sku": "PerGB2018",
            "tags": {},
            "timeouts": null,
            "workspace_id": "e2b922dc-dda4-43f5-98e1-d6ab32f5d2b5"
          },
          "sensitive_attributes": [
            [
              {
                "type": "get_attr",
                "value": "primary_shared_key"
              }
            ],
            [
              {
                "type": "get_attr",
                "value": "secondary_shared_key"
              }
            ]
          ],
          "identity_schema_version": 0,
          "private": "eyJlMmJmYjczMC1lY2FhLTExZTYtOGY4OC0zNDM2M2JjN2M0YzAiOnsiY3JlYXRlIjoxODAwMDAwMDAwMDAwLCJkZWxldGUiOjE4MDAwMDAwMDAwMDAsInJlYWQiOjMwMDAwMDAwMDAwMCwidXBkYXRlIjoxODAwMDAwMDAwMDAwfSwic2NoZW1hX3ZlcnNpb24iOiIzIn0=",
          "dependencies": [
            "azurerm_resource_group.my-mago-devops-dev-eus-rg"
          ]
        }
      ]
    },
    {
      "mode": "managed",
      "type": "azurerm_mssql_database",
      "name": "db",
      "provider": "provider[\"registry.terraform.io/hashicorp/azurerm\"]",
      "instances": [
        {
          "schema_version": 1,
          "attributes": {
            "auto_pause_delay_in_minutes": 0,
            "collation": "SQL_Latin1_General_CP1_CI_AS",
            "create_mode": "Default",
            "creation_source_database_id": null,
            "elastic_pool_id": "",
            "enclave_type": "",
            "geo_backup_enabled": true,
            "id": "/subscriptions/f292716c-b2a3-458b-a683-a64fdea52893/resourceGroups/mago-devops-dev-eus-rg/providers/Microsoft.Sql/servers/mago-devops-dev-eus-sqlserver-main/databases/mago-devops-dev-eus-db",
            "identity": [],
            "import": [],
            "ledger_enabled": false,
            "license_type": "LicenseIncluded",
            "long_term_retention_policy": [
              {
                "immutable_backups_enabled": false,
                "monthly_retention": "PT0S",
                "week_of_year": 1,
                "weekly_retention": "PT0S",
                "yearly_retention": "PT0S"
              }
            ],
            "maintenance_configuration_name": "SQL_Default",
            "max_size_gb": 10,
            "min_capacity": 0,
            "name": "mago-devops-dev-eus-db",
            "read_replica_count": 0,
            "read_scale": false,
            "recover_database_id": null,
            "recovery_point_id": null,
            "restore_dropped_database_id": null,
            "restore_long_term_retention_backup_id": null,
            "restore_point_in_time": null,
            "sample_name": null,
            "secondary_type": "",
            "server_id": "/subscriptions/f292716c-b2a3-458b-a683-a64fdea52893/resourceGroups/mago-devops-dev-eus-rg/providers/Microsoft.Sql/servers/mago-devops-dev-eus-sqlserver-main",
            "short_term_retention_policy": [
              {
                "backup_interval_in_hours": 24,
                "retention_days": 7
              }
            ],
            "sku_name": "S1",
            "storage_account_type": "Geo",
            "tags": {
              "enviroment": "dev",
              "src": "terraform"
            },
            "threat_detection_policy": [
              {
                "disabled_alerts": [],
                "email_account_admins": "Disabled",
                "email_addresses": [],
                "retention_days": 0,
                "state": "Disabled",
                "storage_account_access_key": "",
                "storage_endpoint": ""
              }
            ],
            "timeouts": null,
            "transparent_data_encryption_enabled": true,
            "transparent_data_encryption_key_automatic_rotation_enabled": false,
            "transparent_data_encryption_key_vault_key_id": "",
            "zone_redundant": false
          },
          "sensitive_attributes": [
            [
              {
                "type": "get_attr",
                "value": "threat_detection_policy"
              },
              {
                "type": "index",
                "value": {
                  "value": 0,
                  "type": "number"
                }
              },
              {
                "type": "get_attr",
                "value": "storage_account_access_key"
              }
            ]
          ],
          "identity_schema_version": 0,
          "private": "eyJlMmJmYjczMC1lY2FhLTExZTYtOGY4OC0zNDM2M2JjN2M0YzAiOnsiY3JlYXRlIjozNjAwMDAwMDAwMDAwLCJkZWxldGUiOjM2MDAwMDAwMDAwMDAsInJlYWQiOjMwMDAwMDAwMDAwMCwidXBkYXRlIjozNjAwMDAwMDAwMDAwfSwic2NoZW1hX3ZlcnNpb24iOiIxIn0=",
          "dependencies": [
            "azurerm_mssql_server.sql-server",
            "azurerm_resource_group.my-mago-devops-dev-eus-rg"
          ]
        }
      ]
    },
    {
      "mode": "managed",
      "type": "azurerm_mssql_firewall_rule",
      "name": "sql-rule",
      "provider": "provider[\"registry.terraform.io/hashicorp/azurerm\"]",
      "instances": [
        {
          "schema_version": 0,
          "attributes": {
            "end_ip_address": "0.0.0.0",
            "id": "/subscriptions/f292716c-b2a3-458b-a683-a64fdea52893/resourceGroups/mago-devops-dev-eus-rg/providers/Microsoft.Sql/servers/mago-devops-dev-eus-sqlserver-main/firewallRules/mago-devops-dev-eus-sqlserver-rule",
            "name": "mago-devops-dev-eus-sqlserver-rule",
            "server_id": "/subscriptions/f292716c-b2a3-458b-a683-a64fdea52893/resourceGroups/mago-devops-dev-eus-rg/providers/Microsoft.Sql/servers/mago-devops-dev-eus-sqlserver-main",
            "start_ip_address": "0.0.0.0",
            "timeouts": null
          },
          "sensitive_attributes": [],
          "identity_schema_version": 0,
          "private": "eyJlMmJmYjczMC1lY2FhLTExZTYtOGY4OC0zNDM2M2JjN2M0YzAiOnsiY3JlYXRlIjoxODAwMDAwMDAwMDAwLCJkZWxldGUiOjE4MDAwMDAwMDAwMDAsInJlYWQiOjMwMDAwMDAwMDAwMCwidXBkYXRlIjoxODAwMDAwMDAwMDAwfX0=",
          "dependencies": [
            "azurerm_mssql_server.sql-server",
            "azurerm_resource_group.my-mago-devops-dev-eus-rg"
          ]
        }
      ]
    },
    {
      "mode": "managed",
      "type": "azurerm_mssql_server",
      "name": "sql-server",
      "provider": "provider[\"registry.terraform.io/hashicorp/azurerm\"]",
      "instances": [
        {
          "schema_version": 0,
          "attributes": {
            "administrator_login": "sqladminuser",
            "administrator_login_password": "Iloveswing77!",
            "administrator_login_password_wo": null,
            "administrator_login_password_wo_version": 0,
            "azuread_administrator": [],
            "connection_policy": "Default",
            "express_vulnerability_assessment_enabled": false,
            "fully_qualified_domain_name": "mago-devops-dev-eus-sqlserver-main.database.windows.net",
            "id": "/subscriptions/f292716c-b2a3-458b-a683-a64fdea52893/resourceGroups/mago-devops-dev-eus-rg/providers/Microsoft.Sql/servers/mago-devops-dev-eus-sqlserver-main",
            "identity": [],
            "location": "eastus2",
            "minimum_tls_version": "1.2",
            "name": "mago-devops-dev-eus-sqlserver-main",
            "outbound_network_restriction_enabled": false,
            "primary_user_assigned_identity_id": "",
            "public_network_access_enabled": true,
            "resource_group_name": "mago-devops-dev-eus-rg",
            "restorable_dropped_database_ids": [],
            "tags": {
              "enviroment": "dev",
              "src": "terraform"
            },
            "timeouts": null,
            "transparent_data_encryption_key_vault_key_id": "",
            "version": "12.0"
          },
          "sensitive_attributes": [
            [
              {
                "type": "get_attr",
                "value": "administrator_login_password"
              }
            ],
            [
              {
                "type": "get_attr",
                "value": "administrator_login_password_wo"
              }
            ]
          ],
          "identity_schema_version": 0,
          "private": "eyJlMmJmYjczMC1lY2FhLTExZTYtOGY4OC0zNDM2M2JjN2M0YzAiOnsiY3JlYXRlIjozNjAwMDAwMDAwMDAwLCJkZWxldGUiOjM2MDAwMDAwMDAwMDAsInJlYWQiOjMwMDAwMDAwMDAwMCwidXBkYXRlIjozNjAwMDAwMDAwMDAwfX0=",
          "dependencies": [
            "azurerm_resource_group.my-mago-devops-dev-eus-rg"
          ]
        }
      ]
    },
    {
      "mode": "managed",
      "type": "azurerm_resource_group",
      "name": "my-mago-devops-dev-eus-rg",
      "provider": "provider[\"registry.terraform.io/hashicorp/azurerm\"]",
      "instances": [
        {
          "schema_version": 0,
          "attributes": {
            "id": "/subscriptions/f292716c-b2a3-458b-a683-a64fdea52893/resourceGroups/mago-devops-dev-eus-rg",
            "location": "eastus",
            "managed_by": "",
            "name": "mago-devops-dev-eus-rg",
            "tags": {
              "enviroment": "dev",
              "src": "terraform"
            },
            "timeouts": null
          },
          "sensitive_attributes": [],
          "identity_schema_version": 0,
          "identity": {
            "name": "mago-devops-dev-eus-rg",
            "subscription_id": "f292716c-b2a3-458b-a683-a64fdea52893"
          },
          "private": "eyJlMmJmYjczMC1lY2FhLTExZTYtOGY4OC0zNDM2M2JjN2M0YzAiOnsiY3JlYXRlIjo1NDAwMDAwMDAwMDAwLCJkZWxldGUiOjU0MDAwMDAwMDAwMDAsInJlYWQiOjMwMDAwMDAwMDAwMCwidXBkYXRlIjo1NDAwMDAwMDAwMDAwfX0="
        }
      ]
    }
  ],
  "check_results": null
}
