{
  "version": 4,
  "terraform_version": "1.14.0",
  "serial": 5,
  "lineage": "002b103a-c06a-e4c1-529c-958a9504aa97",
  "outputs": {},
  "resources": [
    {
      "mode": "managed",
      "type": "azurerm_container_registry",
      "name": "acr",
      "provider": "provider[\"registry.terraform.io/hashicorp/azurerm\"]",
      "instances": [
        {
          "schema_version": 2,
          "attributes": {
            "admin_enabled": true,
            "admin_password": "91CdBuxL2IgtWC5gT8gQbu2Adq/fGBz1npqeCHRkNN+ACRCuQXBp",
            "admin_username": "magodevopsdeveusacr",
            "anonymous_pull_enabled": false,
            "data_endpoint_enabled": false,
            "data_endpoint_host_names": [],
            "encryption": [],
            "export_policy_enabled": true,
            "georeplications": [],
            "id": "/subscriptions/f292716c-b2a3-458b-a683-a64fdea52893/resourceGroups/mago-devops-dev-eus-rg/providers/Microsoft.ContainerRegistry/registries/magodevopsdeveusacr",
            "identity": [],
            "location": "eastus",
            "login_server": "magodevopsdeveusacr.azurecr.io",
            "name": "magodevopsdeveusacr",
            "network_rule_bypass_option": "AzureServices",
            "network_rule_set": [],
            "public_network_access_enabled": true,
            "quarantine_policy_enabled": false,
            "resource_group_name": "mago-devops-dev-eus-rg",
            "retention_policy_in_days": 0,
            "sku": "Standard",
            "tags": {
              "enviroment": "dev",
              "src": "terraform"
            },
            "timeouts": null,
            "trust_policy_enabled": false,
            "zone_redundancy_enabled": false
          },
          "sensitive_attributes": [
            [
              {
                "type": "get_attr",
                "value": "admin_password"
              }
            ]
          ],
          "identity_schema_version": 0,
          "private": "eyJlMmJmYjczMC1lY2FhLTExZTYtOGY4OC0zNDM2M2JjN2M0YzAiOnsiY3JlYXRlIjoxODAwMDAwMDAwMDAwLCJkZWxldGUiOjE4MDAwMDAwMDAwMDAsInJlYWQiOjMwMDAwMDAwMDAwMCwidXBkYXRlIjoxODAwMDAwMDAwMDAwfSwic2NoZW1hX3ZlcnNpb24iOiIyIn0=",
          "dependencies": [
            "azurerm_resource_group.my-mago-devops-dev-eus-rg"
          ]
        }
      ]
    },
    {
      "mode": "managed",
      "type": "azurerm_log_analytics_workspace",
      "name": "my-mago-devops-dev-eus-law",
      "provider": "provider[\"registry.terraform.io/hashicorp/azurerm\"]",
      "instances": [
        {
          "schema_version": 3,
          "attributes": {
            "allow_resource_only_permissions": true,
            "cmk_for_query_forced": false,
            "daily_quota_gb": -1,
            "data_collection_rule_id": "",
            "id": "/subscriptions/f292716c-b2a3-458b-a683-a64fdea52893/resourceGroups/mago-devops-dev-eus-rg/providers/Microsoft.OperationalInsights/workspaces/mago-devops-dev-eus-law",
            "identity": [],
            "immediate_data_purge_on_30_days_enabled": false,
            "internet_ingestion_enabled": true,
            "internet_query_enabled": true,
            "local_authentication_disabled": false,
            "local_authentication_enabled": true,
            "location": "eastus",
            "name": "mago-devops-dev-eus-law",
            "primary_shared_key": "k7ve5LJp1haUPmBgWgzFNF+gAQOOAj5K+aGB6RXTzm/6R1ceC6iS4wR4ymyR0/lDPZRgxYBCZtk8j/AxQA5IXw==",
            "reservation_capacity_in_gb_per_day": null,
            "resource_group_name": "mago-devops-dev-eus-rg",
            "retention_in_days": 30,
            "secondary_shared_key": "gsIK5F+sf/R3SR0Ce1STUni5vlJtNkhYbtrSnUQ9xLLGV0Pdbqu5kbd7FWhDNZbsYpakkif2A1SKNJeO18W7Xg==",
            "sku": "PerGB2018",
            "tags": null,
            "timeouts": null,
            "workspace_id": "e2b922dc-dda4-43f5-98e1-d6ab32f5d2b5"
          },
          "sensitive_attributes": [
            [
              {
                "type": "get_attr",
                "value": "primary_shared_key"
              }
            ],
            [
              {
                "type": "get_attr",
                "value": "secondary_shared_key"
              }
            ]
          ],
          "identity_schema_version": 0,
          "private": "eyJlMmJmYjczMC1lY2FhLTExZTYtOGY4OC0zNDM2M2JjN2M0YzAiOnsiY3JlYXRlIjoxODAwMDAwMDAwMDAwLCJkZWxldGUiOjE4MDAwMDAwMDAwMDAsInJlYWQiOjMwMDAwMDAwMDAwMCwidXBkYXRlIjoxODAwMDAwMDAwMDAwfSwic2NoZW1hX3ZlcnNpb24iOiIzIn0=",
          "dependencies": [
            "azurerm_resource_group.my-mago-devops-dev-eus-rg"
          ]
        }
      ]
    },
    {
      "mode": "managed",
      "type": "azurerm_resource_group",
      "name": "my-mago-devops-dev-eus-rg",
      "provider": "provider[\"registry.terraform.io/hashicorp/azurerm\"]",
      "instances": [
        {
          "schema_version": 0,
          "attributes": {
            "id": "/subscriptions/f292716c-b2a3-458b-a683-a64fdea52893/resourceGroups/mago-devops-dev-eus-rg",
            "location": "eastus",
            "managed_by": "",
            "name": "mago-devops-dev-eus-rg",
            "tags": {
              "enviroment": "dev",
              "src": "terraform"
            },
            "timeouts": null
          },
          "sensitive_attributes": [],
          "identity_schema_version": 0,
          "identity": {
            "name": "mago-devops-dev-eus-rg",
            "subscription_id": "f292716c-b2a3-458b-a683-a64fdea52893"
          },
          "private": "eyJlMmJmYjczMC1lY2FhLTExZTYtOGY4OC0zNDM2M2JjN2M0YzAiOnsiY3JlYXRlIjo1NDAwMDAwMDAwMDAwLCJkZWxldGUiOjU0MDAwMDAwMDAwMDAsInJlYWQiOjMwMDAwMDAwMDAwMCwidXBkYXRlIjo1NDAwMDAwMDAwMDAwfX0="
        }
      ]
    }
  ],
  "check_results": null
}
