{
  "version": 4,
  "terraform_version": "1.14.0",
  "serial": 1,
  "lineage": "002b103a-c06a-e4c1-529c-958a9504aa97",
  "outputs": {},
  "resources": [
    {
      "mode": "managed",
      "type": "azurerm_resource_group",
      "name": "my-mago-devops-dev-eus-rg",
      "provider": "provider[\"registry.terraform.io/hashicorp/azurerm\"]",
      "instances": [
        {
          "schema_version": 0,
          "attributes": {
            "id": "/subscriptions/f292716c-b2a3-458b-a683-a64fdea52893/resourceGroups/mago-devops-dev-eus-rg",
            "location": "eastus",
            "managed_by": "",
            "name": "mago-devops-dev-eus-rg",
            "tags": {
              "enviroment": "dev",
              "src": "terraform"
            },
            "timeouts": null
          },
          "sensitive_attributes": [],
          "identity_schema_version": 0,
          "identity": {
            "name": "mago-devops-dev-eus-rg",
            "subscription_id": "f292716c-b2a3-458b-a683-a64fdea52893"
          },
          "private": "eyJlMmJmYjczMC1lY2FhLTExZTYtOGY4OC0zNDM2M2JjN2M0YzAiOnsiY3JlYXRlIjo1NDAwMDAwMDAwMDAwLCJkZWxldGUiOjU0MDAwMDAwMDAwMDAsInJlYWQiOjMwMDAwMDAwMDAwMCwidXBkYXRlIjo1NDAwMDAwMDAwMDAwfX0="
        }
      ]
    }
  ],
  "check_results": null
}
